Microsoft Visual Studio Solution File, Format Version 12.00
# Visual Studio 14
VisualStudioVersion = 14.0.25420.1
MinimumVisualStudioVersion = 10.0.40219.1
Project("{2150E333-8FDC-42A3-9474-1A3956D46DE8}") = "c-api", "c-api", "{17FEB8B2-F318-3E9D-A54A-36D4FFAA99E5}"
EndProject
Project("{2150E333-8FDC-42A3-9474-1A3956D46DE8}") = "cpp-api", "cpp-api", "{C3CAEB4B-099F-3A21-8DEB-C7538F3DF983}"
EndProject
Project("{2150E333-8FDC-42A3-9474-1A3956D46DE8}") = "sfml", "sfml", "{49441A21-F2B9-307C-A17E-06873DD0D484}"
EndProject
Project("{8BC9CEB8-8B4A-11D0-8D11-00A0C91BC942}") = "BodyReaderPoll", "c-api\BodyReaderPoll\BodyReaderPoll.vcxproj", "{313C4D0F-4AAD-3522-A9BA-086BB04FFB87}"
EndProject
Project("{8BC9CEB8-8B4A-11D0-8D11-00A0C91BC942}") = "ColorReaderEvent", "c-api\ColorReaderEvent\ColorReaderEvent.vcxproj", "{60026891-EE7E-3340-B51F-6BD0DEE7D07D}"
EndProject
Project("{8BC9CEB8-8B4A-11D0-8D11-00A0C91BC942}") = "ColorReaderEventCPP", "cpp-api\ColorReaderEventCPP\ColorReaderEventCPP.vcxproj", "{307C8A4E-3EEE-3554-A34A-713203F75D14}"
EndProject
Project("{8BC9CEB8-8B4A-11D0-8D11-00A0C91BC942}") = "ColorReaderPoll", "c-api\ColorReaderPoll\ColorReaderPoll.vcxproj", "{8784A0E1-DF85-3DC1-B512-D969158990D6}"
EndProject
Project("{8BC9CEB8-8B4A-11D0-8D11-00A0C91BC942}") = "DepthReaderEvent", "c-api\DepthReaderEvent\DepthReaderEvent.vcxproj", "{93CAF843-DAF9-4F83-B54A-5540ACF9DD42}"
EndProject
Project("{8BC9CEB8-8B4A-11D0-8D11-00A0C91BC942}") = "DepthReaderEventCPP", "cpp-api\DepthReaderEventCPP\DepthReaderEventCPP.vcxproj", "{5E31AE8B-5919-3B32-BB4B-A4E35DA7E0A9}"
EndProject
Project("{8BC9CEB8-8B4A-11D0-8D11-00A0C91BC942}") = "DepthReaderPoll", "c-api\DepthReaderPoll\DepthReaderPoll.vcxproj", "{B3C86F50-4BB8-306A-95E4-A3A473F6D489}"
EndProject
Project("{8BC9CEB8-8B4A-11D0-8D11-00A0C91BC942}") = "InfraredColorReaderEvent", "c-api\InfraredColorReaderEvent\InfraredColorReaderEvent.vcxproj", "{0FED8566-F94E-3A56-91DF-C50E795764B2}"
EndProject
Project("{8BC9CEB8-8B4A-11D0-8D11-00A0C91BC942}") = "InfraredReaderEvent", "c-api\InfraredReaderEvent\InfraredReaderEvent.vcxproj", "{6FC693FD-B3C3-34A8-BA3C-25C81CFDAB8F}"
EndProject
Project("{8BC9CEB8-8B4A-11D0-8D11-00A0C91BC942}") = "InfraredReaderPoll", "c-api\InfraredReaderPoll\InfraredReaderPoll.vcxproj", "{64C52619-7E9C-397E-A126-5D698FD3F0EB}"
EndProject
Project("{8BC9CEB8-8B4A-11D0-8D11-00A0C91BC942}") = "SimpleBodyViewer-SFML", "sfml\SimpleBodyViewer-SFML\SimpleBodyViewer-SFML.vcxproj", "{9E3290C5-6AB5-343A-BE58-C3406D61CBE4}"
EndProject
Global
	GlobalSection(SolutionConfigurationPlatforms) = preSolution
		Debug|x64 = Debug|x64
		Release|x64 = Release|x64
	EndGlobalSection
	GlobalSection(ProjectConfigurationPlatforms) = postSolution
		{313C4D0F-4AAD-3522-A9BA-086BB04FFB87}.Debug|x64.ActiveCfg = Debug|x64
		{313C4D0F-4AAD-3522-A9BA-086BB04FFB87}.Debug|x64.Build.0 = Debug|x64
		{313C4D0F-4AAD-3522-A9BA-086BB04FFB87}.Release|x64.ActiveCfg = Release|x64
		{313C4D0F-4AAD-3522-A9BA-086BB04FFB87}.Release|x64.Build.0 = Release|x64
		{60026891-EE7E-3340-B51F-6BD0DEE7D07D}.Debug|x64.ActiveCfg = Debug|x64
		{60026891-EE7E-3340-B51F-6BD0DEE7D07D}.Debug|x64.Build.0 = Debug|x64
		{60026891-EE7E-3340-B51F-6BD0DEE7D07D}.Release|x64.ActiveCfg = Release|x64
		{60026891-EE7E-3340-B51F-6BD0DEE7D07D}.Release|x64.Build.0 = Release|x64
		{307C8A4E-3EEE-3554-A34A-713203F75D14}.Debug|x64.ActiveCfg = Debug|x64
		{307C8A4E-3EEE-3554-A34A-713203F75D14}.Debug|x64.Build.0 = Debug|x64
		{307C8A4E-3EEE-3554-A34A-713203F75D14}.Release|x64.ActiveCfg = Release|x64
		{307C8A4E-3EEE-3554-A34A-713203F75D14}.Release|x64.Build.0 = Release|x64
		{8784A0E1-DF85-3DC1-B512-D969158990D6}.Debug|x64.ActiveCfg = Debug|x64
		{8784A0E1-DF85-3DC1-B512-D969158990D6}.Debug|x64.Build.0 = Debug|x64
		{8784A0E1-DF85-3DC1-B512-D969158990D6}.Release|x64.ActiveCfg = Release|x64
		{8784A0E1-DF85-3DC1-B512-D969158990D6}.Release|x64.Build.0 = Release|x64
		{93CAF843-DAF9-4F83-B54A-5540ACF9DD42}.Debug|x64.ActiveCfg = Debug|x64
		{93CAF843-DAF9-4F83-B54A-5540ACF9DD42}.Debug|x64.Build.0 = Debug|x64
		{93CAF843-DAF9-4F83-B54A-5540ACF9DD42}.Release|x64.ActiveCfg = Release|x64
		{93CAF843-DAF9-4F83-B54A-5540ACF9DD42}.Release|x64.Build.0 = Release|x64
		{5E31AE8B-5919-3B32-BB4B-A4E35DA7E0A9}.Debug|x64.ActiveCfg = Debug|x64
		{5E31AE8B-5919-3B32-BB4B-A4E35DA7E0A9}.Debug|x64.Build.0 = Debug|x64
		{5E31AE8B-5919-3B32-BB4B-A4E35DA7E0A9}.Release|x64.ActiveCfg = Release|x64
		{5E31AE8B-5919-3B32-BB4B-A4E35DA7E0A9}.Release|x64.Build.0 = Release|x64
		{B3C86F50-4BB8-306A-95E4-A3A473F6D489}.Debug|x64.ActiveCfg = Debug|x64
		{B3C86F50-4BB8-306A-95E4-A3A473F6D489}.Debug|x64.Build.0 = Debug|x64
		{B3C86F50-4BB8-306A-95E4-A3A473F6D489}.Release|x64.ActiveCfg = Release|x64
		{B3C86F50-4BB8-306A-95E4-A3A473F6D489}.Release|x64.Build.0 = Release|x64
		{0FED8566-F94E-3A56-91DF-C50E795764B2}.Debug|x64.ActiveCfg = Debug|x64
		{0FED8566-F94E-3A56-91DF-C50E795764B2}.Debug|x64.Build.0 = Debug|x64
		{0FED8566-F94E-3A56-91DF-C50E795764B2}.Release|x64.ActiveCfg = Release|x64
		{0FED8566-F94E-3A56-91DF-C50E795764B2}.Release|x64.Build.0 = Release|x64
		{6FC693FD-B3C3-34A8-BA3C-25C81CFDAB8F}.Debug|x64.ActiveCfg = Debug|x64
		{6FC693FD-B3C3-34A8-BA3C-25C81CFDAB8F}.Debug|x64.Build.0 = Debug|x64
		{6FC693FD-B3C3-34A8-BA3C-25C81CFDAB8F}.Release|x64.ActiveCfg = Release|x64
		{6FC693FD-B3C3-34A8-BA3C-25C81CFDAB8F}.Release|x64.Build.0 = Release|x64
		{64C52619-7E9C-397E-A126-5D698FD3F0EB}.Debug|x64.ActiveCfg = Debug|x64
		{64C52619-7E9C-397E-A126-5D698FD3F0EB}.Debug|x64.Build.0 = Debug|x64
		{64C52619-7E9C-397E-A126-5D698FD3F0EB}.Release|x64.ActiveCfg = Release|x64
		{64C52619-7E9C-397E-A126-5D698FD3F0EB}.Release|x64.Build.0 = Release|x64
		{9E3290C5-6AB5-343A-BE58-C3406D61CBE4}.Debug|x64.ActiveCfg = Debug|x64
		{9E3290C5-6AB5-343A-BE58-C3406D61CBE4}.Debug|x64.Build.0 = Debug|x64
		{9E3290C5-6AB5-343A-BE58-C3406D61CBE4}.Release|x64.ActiveCfg = Release|x64
		{9E3290C5-6AB5-343A-BE58-C3406D61CBE4}.Release|x64.Build.0 = Release|x64
	EndGlobalSection
	GlobalSection(SolutionProperties) = preSolution
		HideSolutionNode = FALSE
	EndGlobalSection
	GlobalSection(NestedProjects) = preSolution
		{313C4D0F-4AAD-3522-A9BA-086BB04FFB87} = {17FEB8B2-F318-3E9D-A54A-36D4FFAA99E5}
		{60026891-EE7E-3340-B51F-6BD0DEE7D07D} = {17FEB8B2-F318-3E9D-A54A-36D4FFAA99E5}
		{307C8A4E-3EEE-3554-A34A-713203F75D14} = {C3CAEB4B-099F-3A21-8DEB-C7538F3DF983}
		{8784A0E1-DF85-3DC1-B512-D969158990D6} = {17FEB8B2-F318-3E9D-A54A-36D4FFAA99E5}
		{93CAF843-DAF9-4F83-B54A-5540ACF9DD42} = {17FEB8B2-F318-3E9D-A54A-36D4FFAA99E5}
		{5E31AE8B-5919-3B32-BB4B-A4E35DA7E0A9} = {C3CAEB4B-099F-3A21-8DEB-C7538F3DF983}
		{B3C86F50-4BB8-306A-95E4-A3A473F6D489} = {17FEB8B2-F318-3E9D-A54A-36D4FFAA99E5}
		{0FED8566-F94E-3A56-91DF-C50E795764B2} = {17FEB8B2-F318-3E9D-A54A-36D4FFAA99E5}
		{6FC693FD-B3C3-34A8-BA3C-25C81CFDAB8F} = {17FEB8B2-F318-3E9D-A54A-36D4FFAA99E5}
		{64C52619-7E9C-397E-A126-5D698FD3F0EB} = {17FEB8B2-F318-3E9D-A54A-36D4FFAA99E5}
		{9E3290C5-6AB5-343A-BE58-C3406D61CBE4} = {49441A21-F2B9-307C-A17E-06873DD0D484}
	EndGlobalSection
	GlobalSection(ExtensibilityGlobals) = postSolution
		SolutionGuid = {9FB427D6-62A2-3831-A70B-6E9A0CAD1758}
	EndGlobalSection
EndGlobal
